
Microsoft Visual Studio Solution File, Format Version 12.00
# Visual Studio Version 17
VisualStudioVersion = 17.9.34622.214
MinimumVisualStudioVersion = 10.0.40219.1
Project("{FAE04EC0-301F-11D3-BF4B-00C04F79EFBC}") = "Test_Task_Out_of_Office_solution", "Test_Task_Out_of_Office_solution\Test_Task_Out_of_Office_solution.csproj", "{1C1DD693-450D-45B6-BA82-7B812B4D6C33}"
EndProject
Global
	GlobalSection(SolutionConfigurationPlatforms) = preSolution
		Debug|Any CPU = Debug|Any CPU
		Release|Any CPU = Release|Any CPU
	EndGlobalSection
	GlobalSection(ProjectConfigurationPlatforms) = postSolution
		{1C1DD693-450D-45B6-BA82-7B812B4D6C33}.Debug|Any CPU.ActiveCfg = Debug|Any CPU
		{1C1DD693-450D-45B6-BA82-7B812B4D6C33}.Debug|Any CPU.Build.0 = Debug|Any CPU
		{1C1DD693-450D-45B6-BA82-7B812B4D6C33}.Release|Any CPU.ActiveCfg = Release|Any CPU
		{1C1DD693-450D-45B6-BA82-7B812B4D6C33}.Release|Any CPU.Build.0 = Release|Any CPU
	EndGlobalSection
	GlobalSection(SolutionProperties) = preSolution
		HideSolutionNode = FALSE
	EndGlobalSection
	GlobalSection(ExtensibilityGlobals) = postSolution
		SolutionGuid = {D8068B3F-2971-4826-BD58-F453BD4AAA38}
	EndGlobalSection
EndGlobal
